
Microsoft Visual Studio Solution File, Format Version 12.00
Project("{FAE04EC0-301F-11D3-BF4B-00C04F79EFBC}") = "Common", "Common\Common.csproj", "{53A8D84B-5952-4B26-A940-25AFA07435B5}"
EndProject
Global
	GlobalSection(SolutionConfigurationPlatforms) = preSolution
		Debug|Any CPU = Debug|Any CPU
		Release|Any CPU = Release|Any CPU
	EndGlobalSection
	GlobalSection(ProjectConfigurationPlatforms) = postSolution
		{53A8D84B-5952-4B26-A940-25AFA07435B5}.Debug|Any CPU.ActiveCfg = Debug|Any CPU
		{53A8D84B-5952-4B26-A940-25AFA07435B5}.Debug|Any CPU.Build.0 = Debug|Any CPU
		{53A8D84B-5952-4B26-A940-25AFA07435B5}.Release|Any CPU.ActiveCfg = Release|Any CPU
		{53A8D84B-5952-4B26-A940-25AFA07435B5}.Release|Any CPU.Build.0 = Release|Any CPU
	EndGlobalSection
EndGlobal
